
Microsoft Visual Studio Solution File, Format Version 12.00
# Visual Studio Version 16
VisualStudioVersion = 16.0.31105.61
MinimumVisualStudioVersion = 10.0.40219.1
Project("{FAE04EC0-301F-11D3-BF4B-00C04F79EFBC}") = "MoveBallsLeetCode1769", "MoveBallsLeetCode1769\MoveBallsLeetCode1769.csproj", "{415222F7-3E1C-454E-820C-2A2A929847E3}"
EndProject
Global
	GlobalSection(SolutionConfigurationPlatforms) = preSolution
		Debug|Any CPU = Debug|Any CPU
		Release|Any CPU = Release|Any CPU
	EndGlobalSection
	GlobalSection(ProjectConfigurationPlatforms) = postSolution
		{415222F7-3E1C-454E-820C-2A2A929847E3}.Debug|Any CPU.ActiveCfg = Debug|Any CPU
		{415222F7-3E1C-454E-820C-2A2A929847E3}.Debug|Any CPU.Build.0 = Debug|Any CPU
		{415222F7-3E1C-454E-820C-2A2A929847E3}.Release|Any CPU.ActiveCfg = Release|Any CPU
		{415222F7-3E1C-454E-820C-2A2A929847E3}.Release|Any CPU.Build.0 = Release|Any CPU
	EndGlobalSection
	GlobalSection(SolutionProperties) = preSolution
		HideSolutionNode = FALSE
	EndGlobalSection
	GlobalSection(ExtensibilityGlobals) = postSolution
		SolutionGuid = {8BE26025-818C-418C-8556-B06796B4365E}
	EndGlobalSection
EndGlobal
